PODS:
  - Alamofire (4.4.0)
  - Fuzi (1.0.1)
  - Kingfisher (3.9.1)
  - MJRefresh (3.1.12)
  - Moya (8.0.4):
    - Moya/Core (= 8.0.4)
  - Moya/Core (8.0.4):
    - Alamofire (~> 4.1)
    - Result (~> 3.0)
  - Moya/RxSwift (8.0.4):
    - Moya/Core
    - RxSwift (~> 3.0)
  - MoyaSugar (0.4.0):
    - MoyaSugar/Core (= 0.4.0)
  - MoyaSugar/Core (0.4.0):
    - Moya (>= 8.0.0)
  - MoyaSugar/RxSwift (0.4.0):
    - Moya/RxSwift (>= 8.0.0)
    - MoyaSugar/Core
    - RxSwift (>= 3.0.0)
  - NSObject+Rx (2.3.0):
    - RxSwift (~> 3.0)
  - ReactorKit (0.4.3):
    - RxSwift (>= 3.0.0)
  - Result (3.2.2)
  - RxBlocking (3.4.1):
    - RxSwift (~> 3.4)
  - RxCocoa (3.4.1):
    - RxSwift (~> 3.4)
  - RxDataSources (1.0.3):
    - RxCocoa (~> 3.0)
    - RxSwift (~> 3.0)
  - RxOptional (3.1.3):
    - RxCocoa
    - RxSwift
  - RxSwift (3.4.1)
  - RxSwiftUtilities (1.0.1):
    - RxCocoa (~> 3.0)
    - RxSwift (~> 3.0)
  - RxTest (3.4.1):
    - RxSwift (~> 3.4)
  - SnapKit (3.2.0)
  - SQLite.swift (0.11.3):
    - SQLite.swift/standard (= 0.11.3)
  - SQLite.swift/standard (0.11.3)
  - Then (2.1.0)

DEPENDENCIES:
  - Alamofire
  - Fuzi
  - Kingfisher
  - MJRefresh
  - Moya
  - Moya/RxSwift
  - MoyaSugar
  - MoyaSugar/RxSwift
  - NSObject+Rx
  - ReactorKit
  - RxBlocking (~> 3.0)
  - RxCocoa
  - RxDataSources
  - RxOptional
  - RxSwift
  - RxSwiftUtilities
  - RxTest (~> 3.0)
  - SnapKit
  - SQLite.swift
  - Then

SPEC CHECKSUMS:
  Alamofire: dc44b1600b800eb63da6a19039a0083d62a6a62d
  Fuzi: 851403654bac55675aaeed815d0c8a1d3e3d3e8b
  Kingfisher: 6729a0baaa458245bfb8cd5a1296c71c10d6eb6c
  MJRefresh: b96cdb21c4aa75a7b07654311ab2f315c497e806
  Moya: a08bc060c7a44eee27447b239ed33a189b641e2b
  MoyaSugar: 302175740302bed7309b9483c4a3321631eab753
  NSObject+Rx: 38170f84b948152c05c57260cb853e387a5519d1
  ReactorKit: d14097db56d7f473fb0544f671d1bfbecbaec1aa
  Result: 4edd39003fdccf281d418ee1b006571f70123250
  RxBlocking: 1e8c41cfe7ca2fc0e19d0e616c553845c63cbbd3
  RxCocoa: a8a5f1d061d0043e28f56976829f31ce63e8eb09
  RxDataSources: a021a0e944ba5f7991259829d973afdbfa719c0b
  RxOptional: b97b59183af80d1e729ac9e51d09a10be668d6a8
  RxSwift: 656f8fbeca5bc372121a72d9ebdd3cd3bc0ffade
  RxSwiftUtilities: 57e77c17b885931c37aa038f114f14fd1f478ac2
  RxTest: a6fd6e4069face7c6488f96f6c42296b3e44db48
  SnapKit: 1ca44df72cfa543218d177cb8aab029d10d86ea7
  SQLite.swift: 99b36c22084427f0abbeb957556ce1528cf10bb3
  Then: 8496793c8fcac95482b943909b440724c7d8d82c

PODFILE CHECKSUM: 65308df436b06ae8f09e9acb003ad14cbfb1af49

COCOAPODS: 1.2.1
