// !$*UTF8*$!
{
	archiveVersion = 1;
	classes = {
	};
	objectVersion = 46;
	objects = {

/* Begin PBXBuildFile section */
		3834D4652E61FCFCE896C832 /* Pods_YYReader.framework in Frameworks */ = {isa = PBXBuildFile; fileRef = E574A93854B1BEFA34C007E2 /* Pods_YYReader.framework */; };
		394D1D591ED69D7500C720FF /* BookstoreListTableViewCell.swift in Sources */ = {isa = PBXBuildFile; fileRef = 394D1D581ED69D7500C720FF /* BookstoreListTableViewCell.swift */; };
		394D1D5B1ED69DC300C720FF /* BookstoreListCellReactor.swift in Sources */ = {isa = PBXBuildFile; fileRef = 394D1D5A1ED69DC300C720FF /* BookstoreListCellReactor.swift */; };
		394D1D5D1ED6A4C800C720FF /* BookDetailViewController.swift in Sources */ = {isa = PBXBuildFile; fileRef = 394D1D5C1ED6A4C800C720FF /* BookDetailViewController.swift */; };
		394D1D5F1ED6A4FB00C720FF /* BookDetailViewReactor.swift in Sources */ = {isa = PBXBuildFile; fileRef = 394D1D5E1ED6A4FB00C720FF /* BookDetailViewReactor.swift */; };
		394D1D631ED6D0A400C720FF /* String+BoundingRect.swift in Sources */ = {isa = PBXBuildFile; fileRef = 394D1D621ED6D0A400C720FF /* String+BoundingRect.swift */; };
		394D1D651ED6D0DF00C720FF /* BookDetailHeaderView.swift in Sources */ = {isa = PBXBuildFile; fileRef = 394D1D641ED6D0DF00C720FF /* BookDetailHeaderView.swift */; };
		394D1D671ED6D0FC00C720FF /* BookDetailHeaderViewReactor.swift in Sources */ = {isa = PBXBuildFile; fileRef = 394D1D661ED6D0FC00C720FF /* BookDetailHeaderViewReactor.swift */; };
		395B250D1ED2B85600A874D0 /* YYReaderTests.swift in Sources */ = {isa = PBXBuildFile; fileRef = 395B250C1ED2B85600A874D0 /* YYReaderTests.swift */; };
		39639D061ED404EE00175393 /* BookService.swift in Sources */ = {isa = PBXBuildFile; fileRef = 39639D051ED404EE00175393 /* BookService.swift */; };
		39639D091ED40FCB00175393 /* Book.swift in Sources */ = {isa = PBXBuildFile; fileRef = 39639D081ED40FCB00175393 /* Book.swift */; };
		39639D0B1ED40FF300175393 /* Chapter.swift in Sources */ = {isa = PBXBuildFile; fileRef = 39639D0A1ED40FF300175393 /* Chapter.swift */; };
		39639D0E1ED4236F00175393 /* MainTabBarController.swift in Sources */ = {isa = PBXBuildFile; fileRef = 39639D0D1ED4236F00175393 /* MainTabBarController.swift */; };
		39639D101ED424FA00175393 /* MainTabBarViewReactor.swift in Sources */ = {isa = PBXBuildFile; fileRef = 39639D0F1ED424FA00175393 /* MainTabBarViewReactor.swift */; };
		39639D121ED42E1D00175393 /* BookcaseViewController.swift in Sources */ = {isa = PBXBuildFile; fileRef = 39639D111ED42E1D00175393 /* BookcaseViewController.swift */; };
		39639D141ED42E3500175393 /* BookstoreViewController.swift in Sources */ = {isa = PBXBuildFile; fileRef = 39639D131ED42E3500175393 /* BookstoreViewController.swift */; };
		39639D161ED42E6A00175393 /* BookcaseViewReactor.swift in Sources */ = {isa = PBXBuildFile; fileRef = 39639D151ED42E6A00175393 /* BookcaseViewReactor.swift */; };
		39639D181ED42E7200175393 /* BookstoreViewReactor.swift in Sources */ = {isa = PBXBuildFile; fileRef = 39639D171ED42E7200175393 /* BookstoreViewReactor.swift */; };
		39639D1B1ED435F600175393 /* BookListViewSection.swift in Sources */ = {isa = PBXBuildFile; fileRef = 39639D1A1ED435F600175393 /* BookListViewSection.swift */; };
		3982F0211ED2CBA00025E081 /* Assets.xcassets in Resources */ = {isa = PBXBuildFile; fileRef = 3982F0171ED2CBA00025E081 /* Assets.xcassets */; };
		3982F0221ED2CBA00025E081 /* LaunchScreen.storyboard in Resources */ = {isa = PBXBuildFile; fileRef = 3982F0181ED2CBA00025E081 /* LaunchScreen.storyboard */; };
		3982F0241ED2CBA00025E081 /* AppDelegate.swift in Sources */ = {isa = PBXBuildFile; fileRef = 3982F01D1ED2CBA00025E081 /* AppDelegate.swift */; };
		3982F02E1ED2DA0D0025E081 /* Networking.swift in Sources */ = {isa = PBXBuildFile; fileRef = 3982F02D1ED2DA0D0025E081 /* Networking.swift */; };
		3982F0301ED2DC100025E081 /* BookAPI.swift in Sources */ = {isa = PBXBuildFile; fileRef = 3982F02F1ED2DC100025E081 /* BookAPI.swift */; };
		3982F0321ED2E3390025E081 /* YYReaderTargetType.swift in Sources */ = {isa = PBXBuildFile; fileRef = 3982F0311ED2E3390025E081 /* YYReaderTargetType.swift */; };
		3982F0351ED2E6E90025E081 /* Observable+YYReaderAPI.swift in Sources */ = {isa = PBXBuildFile; fileRef = 3982F0341ED2E6E90025E081 /* Observable+YYReaderAPI.swift */; };
		3982F03A1ED2EA350025E081 /* UIViewController+Rx.swift in Sources */ = {isa = PBXBuildFile; fileRef = 3982F0391ED2EA350025E081 /* UIViewController+Rx.swift */; };
		3997D6571EDFE0B200477366 /* BookCatalogueViewController.swift in Sources */ = {isa = PBXBuildFile; fileRef = 3997D6561EDFE0B200477366 /* BookCatalogueViewController.swift */; };
		3997D6591EDFE15000477366 /* BookCatalogueReactor.swift in Sources */ = {isa = PBXBuildFile; fileRef = 3997D6581EDFE15000477366 /* BookCatalogueReactor.swift */; };
		3997D65C1EE0093000477366 /* Database.swift in Sources */ = {isa = PBXBuildFile; fileRef = 3997D65B1EE0093000477366 /* Database.swift */; };
		39B75AFA1ED55FF0000F9034 /* BaseViewController.swift in Sources */ = {isa = PBXBuildFile; fileRef = 39B75AF91ED55FF0000F9034 /* BaseViewController.swift */; };
		EEA4DEF50FE91D7BA13B23B1 /* Pods_YYReaderTests.framework in Frameworks */ = {isa = PBXBuildFile; fileRef = 8D791B7277D0C3643E36FC4E /* Pods_YYReaderTests.framework */; };
/* End PBXBuildFile section */

/* Begin PBXContainerItemProxy section */
		395B25091ED2B85600A874D0 /* PBXContainerItemProxy */ = {
			isa = PBXContainerItemProxy;
			containerPortal = 395B24EC1ED2B85600A874D0 /* Project object */;
			proxyType = 1;
			remoteGlobalIDString = 395B24F31ED2B85600A874D0;
			remoteInfo = YYReader;
		};
/* End PBXContainerItemProxy section */

/* Begin PBXFileReference section */
		394D1D581ED69D7500C720FF /* BookstoreListTableViewCell.swift */ = {isa = PBXFileReference; fileEncoding = 4; lastKnownFileType = sourcecode.swift; path = BookstoreListTableViewCell.swift; sourceTree = "<group>"; };
		394D1D5A1ED69DC300C720FF /* BookstoreListCellReactor.swift */ = {isa = PBXFileReference; fileEncoding = 4; lastKnownFileType = sourcecode.swift; path = BookstoreListCellReactor.swift; sourceTree = "<group>"; };
		394D1D5C1ED6A4C800C720FF /* BookDetailViewController.swift */ = {isa = PBXFileReference; fileEncoding = 4; lastKnownFileType = sourcecode.swift; path = BookDetailViewController.swift; sourceTree = "<group>"; };
		394D1D5E1ED6A4FB00C720FF /* BookDetailViewReactor.swift */ = {isa = PBXFileReference; fileEncoding = 4; lastKnownFileType = sourcecode.swift; path = BookDetailViewReactor.swift; sourceTree = "<group>"; };
		394D1D621ED6D0A400C720FF /* String+BoundingRect.swift */ = {isa = PBXFileReference; fileEncoding = 4; lastKnownFileType = sourcecode.swift; path = "String+BoundingRect.swift"; sourceTree = "<group>"; };
		394D1D641ED6D0DF00C720FF /* BookDetailHeaderView.swift */ = {isa = PBXFileReference; fileEncoding = 4; lastKnownFileType = sourcecode.swift; path = BookDetailHeaderView.swift; sourceTree = "<group>"; };
		394D1D661ED6D0FC00C720FF /* BookDetailHeaderViewReactor.swift */ = {isa = PBXFileReference; fileEncoding = 4; lastKnownFileType = sourcecode.swift; path = BookDetailHeaderViewReactor.swift; sourceTree = "<group>"; };
		395B24F41ED2B85600A874D0 /* YYReader.app */ = {isa = PBXFileReference; explicitFileType = wrapper.application; includeInIndex = 0; path = YYReader.app; sourceTree = BUILT_PRODUCTS_DIR; };
		395B25081ED2B85600A874D0 /* YYReaderTests.xctest */ = {isa = PBXFileReference; explicitFileType = wrapper.cfbundle; includeInIndex = 0; path = YYReaderTests.xctest; sourceTree = BUILT_PRODUCTS_DIR; };
		395B250C1ED2B85600A874D0 /* YYReaderTests.swift */ = {isa = PBXFileReference; lastKnownFileType = sourcecode.swift; path = YYReaderTests.swift; sourceTree = "<group>"; };
		395B250E1ED2B85600A874D0 /* Info.plist */ = {isa = PBXFileReference; lastKnownFileType = text.plist.xml; path = Info.plist; sourceTree = "<group>"; };
		39639D051ED404EE00175393 /* BookService.swift */ = {isa = PBXFileReference; fileEncoding = 4; lastKnownFileType = sourcecode.swift; path = BookService.swift; sourceTree = "<group>"; };
		39639D081ED40FCB00175393 /* Book.swift */ = {isa = PBXFileReference; fileEncoding = 4; lastKnownFileType = sourcecode.swift; path = Book.swift; sourceTree = "<group>"; };
		39639D0A1ED40FF300175393 /* Chapter.swift */ = {isa = PBXFileReference; fileEncoding = 4; lastKnownFileType = sourcecode.swift; path = Chapter.swift; sourceTree = "<group>"; };
		39639D0D1ED4236F00175393 /* MainTabBarController.swift */ = {isa = PBXFileReference; fileEncoding = 4; lastKnownFileType = sourcecode.swift; path = MainTabBarController.swift; sourceTree = "<group>"; };
		39639D0F1ED424FA00175393 /* MainTabBarViewReactor.swift */ = {isa = PBXFileReference; fileEncoding = 4; lastKnownFileType = sourcecode.swift; path = MainTabBarViewReactor.swift; sourceTree = "<group>"; };
		39639D111ED42E1D00175393 /* BookcaseViewController.swift */ = {isa = PBXFileReference; fileEncoding = 4; lastKnownFileType = sourcecode.swift; path = BookcaseViewController.swift; sourceTree = "<group>"; };
		39639D131ED42E3500175393 /* BookstoreViewController.swift */ = {isa = PBXFileReference; fileEncoding = 4; lastKnownFileType = sourcecode.swift; path = BookstoreViewController.swift; sourceTree = "<group>"; };
		39639D151ED42E6A00175393 /* BookcaseViewReactor.swift */ = {isa = PBXFileReference; fileEncoding = 4; lastKnownFileType = sourcecode.swift; path = BookcaseViewReactor.swift; sourceTree = "<group>"; };
		39639D171ED42E7200175393 /* BookstoreViewReactor.swift */ = {isa = PBXFileReference; fileEncoding = 4; lastKnownFileType = sourcecode.swift; path = BookstoreViewReactor.swift; sourceTree = "<group>"; };
		39639D1A1ED435F600175393 /* BookListViewSection.swift */ = {isa = PBXFileReference; fileEncoding = 4; lastKnownFileType = sourcecode.swift; path = BookListViewSection.swift; sourceTree = "<group>"; };
		3982F0171ED2CBA00025E081 /* Assets.xcassets */ = {isa = PBXFileReference; lastKnownFileType = folder.assetcatalog; path = Assets.xcassets; sourceTree = "<group>"; };
		3982F0191ED2CBA00025E081 /* Base */ = {isa = PBXFileReference; lastKnownFileType = file.storyboard; name = Base; path = Base.lproj/LaunchScreen.storyboard; sourceTree = "<group>"; };
		3982F01D1ED2CBA00025E081 /* AppDelegate.swift */ = {isa = PBXFileReference; fileEncoding = 4; lastKnownFileType = sourcecode.swift; path = AppDelegate.swift; sourceTree = "<group>"; };
		3982F0201ED2CBA00025E081 /* Info.plist */ = {isa = PBXFileReference; fileEncoding = 4; lastKnownFileType = text.plist.xml; path = Info.plist; sourceTree = "<group>"; };
		3982F02D1ED2DA0D0025E081 /* Networking.swift */ = {isa = PBXFileReference; fileEncoding = 4; lastKnownFileType = sourcecode.swift; path = Networking.swift; sourceTree = "<group>"; };
		3982F02F1ED2DC100025E081 /* BookAPI.swift */ = {isa = PBXFileReference; fileEncoding = 4; lastKnownFileType = sourcecode.swift; path = BookAPI.swift; sourceTree = "<group>"; };
		3982F0311ED2E3390025E081 /* YYReaderTargetType.swift */ = {isa = PBXFileReference; fileEncoding = 4; lastKnownFileType = sourcecode.swift; path = YYReaderTargetType.swift; sourceTree = "<group>"; };
		3982F0341ED2E6E90025E081 /* Observable+YYReaderAPI.swift */ = {isa = PBXFileReference; fileEncoding = 4; lastKnownFileType = sourcecode.swift; path = "Observable+YYReaderAPI.swift"; sourceTree = "<group>"; };
		3982F0391ED2EA350025E081 /* UIViewController+Rx.swift */ = {isa = PBXFileReference; fileEncoding = 4; lastKnownFileType = sourcecode.swift; path = "UIViewController+Rx.swift"; sourceTree = "<group>"; };
		3997D6561EDFE0B200477366 /* BookCatalogueViewController.swift */ = {isa = PBXFileReference; fileEncoding = 4; lastKnownFileType = sourcecode.swift; path = BookCatalogueViewController.swift; sourceTree = "<group>"; };
		3997D6581EDFE15000477366 /* BookCatalogueReactor.swift */ = {isa = PBXFileReference; fileEncoding = 4; lastKnownFileType = sourcecode.swift; path = BookCatalogueReactor.swift; sourceTree = "<group>"; };
		3997D65B1EE0093000477366 /* Database.swift */ = {isa = PBXFileReference; fileEncoding = 4; lastKnownFileType = sourcecode.swift; path = Database.swift; sourceTree = "<group>"; };
		39B75AF91ED55FF0000F9034 /* BaseViewController.swift */ = {isa = PBXFileReference; fileEncoding = 4; lastKnownFileType = sourcecode.swift; path = BaseViewController.swift; sourceTree = "<group>"; };
		8D791B7277D0C3643E36FC4E /* Pods_YYReaderTests.framework */ = {isa = PBXFileReference; explicitFileType = wrapper.framework; includeInIndex = 0; path = Pods_YYReaderTests.framework; sourceTree = BUILT_PRODUCTS_DIR; };
		ABD656F9AAD2F086E0EFEF13 /* Pods-YYReader.release.xcconfig */ = {isa = PBXFileReference; includeInIndex = 1; lastKnownFileType = text.xcconfig; name = "Pods-YYReader.release.xcconfig"; path = "Pods/Target Support Files/Pods-YYReader/Pods-YYReader.release.xcconfig"; sourceTree = "<group>"; };
		C9F4546AF4F0A87EFA850F20 /* Pods-YYReader.debug.xcconfig */ = {isa = PBXFileReference; includeInIndex = 1; lastKnownFileType = text.xcconfig; name = "Pods-YYReader.debug.xcconfig"; path = "Pods/Target Support Files/Pods-YYReader/Pods-YYReader.debug.xcconfig"; sourceTree = "<group>"; };
		D0F62AC2FF830FA92D8B1280 /* Pods-YYReaderTests.debug.xcconfig */ = {isa = PBXFileReference; includeInIndex = 1; lastKnownFileType = text.xcconfig; name = "Pods-YYReaderTests.debug.xcconfig"; path = "Pods/Target Support Files/Pods-YYReaderTests/Pods-YYReaderTests.debug.xcconfig"; sourceTree = "<group>"; };
		E574A93854B1BEFA34C007E2 /* Pods_YYReader.framework */ = {isa = PBXFileReference; explicitFileType = wrapper.framework; includeInIndex = 0; path = Pods_YYReader.framework; sourceTree = BUILT_PRODUCTS_DIR; };
		FCEC0D6AF209817620C34362 /* Pods-YYReaderTests.release.xcconfig */ = {isa = PBXFileReference; includeInIndex = 1; lastKnownFileType = text.xcconfig; name = "Pods-YYReaderTests.release.xcconfig"; path = "Pods/Target Support Files/Pods-YYReaderTests/Pods-YYReaderTests.release.xcconfig"; sourceTree = "<group>"; };
/* End PBXFileReference section */

/* Begin PBXFrameworksBuildPhase section */
		395B24F11ED2B85600A874D0 /* Frameworks */ = {
			isa = PBXFrameworksBuildPhase;
			buildActionMask = 2147483647;
			files = (
				3834D4652E61FCFCE896C832 /* Pods_YYReader.framework in Frameworks */,
			);
			runOnlyForDeploymentPostprocessing = 0;
		};
		395B25051ED2B85600A874D0 /* Frameworks */ = {
			isa = PBXFrameworksBuildPhase;
			buildActionMask = 2147483647;
			files = (
				EEA4DEF50FE91D7BA13B23B1 /* Pods_YYReaderTests.framework in Frameworks */,
			);
			runOnlyForDeploymentPostprocessing = 0;
		};
/* End PBXFrameworksBuildPhase section */

/* Begin PBXGroup section */
		089E9A77AAC8135595B52A93 /* Pods */ = {
			isa = PBXGroup;
			children = (
				C9F4546AF4F0A87EFA850F20 /* Pods-YYReader.debug.xcconfig */,
				ABD656F9AAD2F086E0EFEF13 /* Pods-YYReader.release.xcconfig */,
				D0F62AC2FF830FA92D8B1280 /* Pods-YYReaderTests.debug.xcconfig */,
				FCEC0D6AF209817620C34362 /* Pods-YYReaderTests.release.xcconfig */,
			);
			name = Pods;
			sourceTree = "<group>";
		};
		394D1D601ED6D05A00C720FF /* Extension */ = {
			isa = PBXGroup;
			children = (
				394D1D621ED6D0A400C720FF /* String+BoundingRect.swift */,
			);
			path = Extension;
			sourceTree = "<group>";
		};
		394D1D611ED6D05A00C720FF /* Types */ = {
			isa = PBXGroup;
			children = (
			);
			path = Types;
			sourceTree = "<group>";
		};
		395B24EB1ED2B85600A874D0 = {
			isa = PBXGroup;
			children = (
				395B24F61ED2B85600A874D0 /* YYReader */,
				395B250B1ED2B85600A874D0 /* YYReaderTests */,
				395B24F51ED2B85600A874D0 /* Products */,
				089E9A77AAC8135595B52A93 /* Pods */,
				50DD29B06A9F0E1BC44D7043 /* Frameworks */,
			);
			sourceTree = "<group>";
		};
		395B24F51ED2B85600A874D0 /* Products */ = {
			isa = PBXGroup;
			children = (
				395B24F41ED2B85600A874D0 /* YYReader.app */,
				395B25081ED2B85600A874D0 /* YYReaderTests.xctest */,
			);
			name = Products;
			sourceTree = "<group>";
		};
		395B24F61ED2B85600A874D0 /* YYReader */ = {
			isa = PBXGroup;
			children = (
				3982F0161ED2CBA00025E081 /* Resources */,
				3982F01C1ED2CBA00025E081 /* Source */,
				3982F01F1ED2CBA00025E081 /* Supporting Files */,
			);
			path = YYReader;
			sourceTree = "<group>";
		};
		395B250B1ED2B85600A874D0 /* YYReaderTests */ = {
			isa = PBXGroup;
			children = (
				395B250C1ED2B85600A874D0 /* YYReaderTests.swift */,
				395B250E1ED2B85600A874D0 /* Info.plist */,
			);
			path = YYReaderTests;
			sourceTree = "<group>";
		};
		39639D041ED404D400175393 /* Services */ = {
			isa = PBXGroup;
			children = (
				39639D051ED404EE00175393 /* BookService.swift */,
			);
			path = Services;
			sourceTree = "<group>";
		};
		39639D071ED40FBD00175393 /* Models */ = {
			isa = PBXGroup;
			children = (
				39639D081ED40FCB00175393 /* Book.swift */,
				39639D0A1ED40FF300175393 /* Chapter.swift */,
			);
			path = Models;
			sourceTree = "<group>";
		};
		39639D0C1ED422B900175393 /* ViewControllers */ = {
			isa = PBXGroup;
			children = (
				39B75AF91ED55FF0000F9034 /* BaseViewController.swift */,
				39639D0D1ED4236F00175393 /* MainTabBarController.swift */,
				39639D0F1ED424FA00175393 /* MainTabBarViewReactor.swift */,
				39639D111ED42E1D00175393 /* BookcaseViewController.swift */,
				39639D151ED42E6A00175393 /* BookcaseViewReactor.swift */,
				39639D131ED42E3500175393 /* BookstoreViewController.swift */,
				39639D171ED42E7200175393 /* BookstoreViewReactor.swift */,
				394D1D5C1ED6A4C800C720FF /* BookDetailViewController.swift */,
				394D1D5E1ED6A4FB00C720FF /* BookDetailViewReactor.swift */,
				3997D6561EDFE0B200477366 /* BookCatalogueViewController.swift */,
				3997D6581EDFE15000477366 /* BookCatalogueReactor.swift */,
			);
			path = ViewControllers;
			sourceTree = "<group>";
		};
		39639D191ED435DA00175393 /* Sections */ = {
			isa = PBXGroup;
			children = (
				39639D1A1ED435F600175393 /* BookListViewSection.swift */,
			);
			path = Sections;
			sourceTree = "<group>";
		};
		39639D1C1ED437CF00175393 /* Views */ = {
			isa = PBXGroup;
			children = (
				394D1D581ED69D7500C720FF /* BookstoreListTableViewCell.swift */,
				394D1D5A1ED69DC300C720FF /* BookstoreListCellReactor.swift */,
				394D1D641ED6D0DF00C720FF /* BookDetailHeaderView.swift */,
				394D1D661ED6D0FC00C720FF /* BookDetailHeaderViewReactor.swift */,
			);
			path = Views;
			sourceTree = "<group>";
		};
		3982F0161ED2CBA00025E081 /* Resources */ = {
			isa = PBXGroup;
			children = (
				3982F0171ED2CBA00025E081 /* Assets.xcassets */,
				3982F0181ED2CBA00025E081 /* LaunchScreen.storyboard */,
			);
			path = Resources;
			sourceTree = "<group>";
		};
		3982F01C1ED2CBA00025E081 /* Source */ = {
			isa = PBXGroup;
			children = (
				3997D65A1EE0091500477366 /* DB */,
				394D1D601ED6D05A00C720FF /* Extension */,
				394D1D611ED6D05A00C720FF /* Types */,
				39639D071ED40FBD00175393 /* Models */,
				39639D1C1ED437CF00175393 /* Views */,
				39639D191ED435DA00175393 /* Sections */,
				39639D0C1ED422B900175393 /* ViewControllers */,
				39639D041ED404D400175393 /* Services */,
				3982F0361ED2E9800025E081 /* Rx */,
				3982F02C1ED2D9980025E081 /* Network */,
				3982F01D1ED2CBA00025E081 /* AppDelegate.swift */,
			);
			path = Source;
			sourceTree = "<group>";
		};
		3982F01F1ED2CBA00025E081 /* Supporting Files */ = {
			isa = PBXGroup;
			children = (
				3982F0201ED2CBA00025E081 /* Info.plist */,
			);
			path = "Supporting Files";
			sourceTree = "<group>";
		};
		3982F02C1ED2D9980025E081 /* Network */ = {
			isa = PBXGroup;
			children = (
				3982F0331ED2E3590025E081 /* Base */,
				3982F02F1ED2DC100025E081 /* BookAPI.swift */,
			);
			path = Network;
			sourceTree = "<group>";
		};
		3982F0331ED2E3590025E081 /* Base */ = {
			isa = PBXGroup;
			children = (
				3982F02D1ED2DA0D0025E081 /* Networking.swift */,
				3982F0311ED2E3390025E081 /* YYReaderTargetType.swift */,
				3982F0341ED2E6E90025E081 /* Observable+YYReaderAPI.swift */,
			);
			name = Base;
			sourceTree = "<group>";
		};
		3982F0361ED2E9800025E081 /* Rx */ = {
			isa = PBXGroup;
			children = (
				3982F0391ED2EA350025E081 /* UIViewController+Rx.swift */,
			);
			path = Rx;
			sourceTree = "<group>";
		};
		3997D65A1EE0091500477366 /* DB */ = {
			isa = PBXGroup;
			children = (
				3997D65B1EE0093000477366 /* Database.swift */,
			);
			path = DB;
			sourceTree = "<group>";
		};
		50DD29B06A9F0E1BC44D7043 /* Frameworks */ = {
			isa = PBXGroup;
			children = (
				E574A93854B1BEFA34C007E2 /* Pods_YYReader.framework */,
				8D791B7277D0C3643E36FC4E /* Pods_YYReaderTests.framework */,
			);
			name = Frameworks;
			sourceTree = "<group>";
		};
/* End PBXGroup section */

/* Begin PBXNativeTarget section */
		395B24F31ED2B85600A874D0 /* YYReader */ = {
			isa = PBXNativeTarget;
			buildConfigurationList = 395B25111ED2B85600A874D0 /* Build configuration list for PBXNativeTarget "YYReader" */;
			buildPhases = (
				5B1532D34CCEF8BAD20EEB4B /* [CP] Check Pods Manifest.lock */,
				395B24F01ED2B85600A874D0 /* Sources */,
				395B24F11ED2B85600A874D0 /* Frameworks */,
				395B24F21ED2B85600A874D0 /* Resources */,
				C1C39A7178D0925EF6AB93EF /* [CP] Embed Pods Frameworks */,
				9DA9F2345214AFBCC2CDDA57 /* [CP] Copy Pods Resources */,
			);
			buildRules = (
			);
			dependencies = (
			);
			name = YYReader;
			productName = YYReader;
			productReference = 395B24F41ED2B85600A874D0 /* YYReader.app */;
			productType = "com.apple.product-type.application";
		};
		395B25071ED2B85600A874D0 /* YYReaderTests */ = {
			isa = PBXNativeTarget;
			buildConfigurationList = 395B25141ED2B85600A874D0 /* Build configuration list for PBXNativeTarget "YYReaderTests" */;
			buildPhases = (
				80E40EB77E301EF35C16AFB4 /* [CP] Check Pods Manifest.lock */,
				395B25041ED2B85600A874D0 /* Sources */,
				395B25051ED2B85600A874D0 /* Frameworks */,
				395B25061ED2B85600A874D0 /* Resources */,
				1D2923D42F50158B5CD8B4A9 /* [CP] Embed Pods Frameworks */,
				CB3AF9FB1B8E315515C8E88A /* [CP] Copy Pods Resources */,
			);
			buildRules = (
			);
			dependencies = (
				395B250A1ED2B85600A874D0 /* PBXTargetDependency */,
			);
			name = YYReaderTests;
			productName = YYReaderTests;
			productReference = 395B25081ED2B85600A874D0 /* YYReaderTests.xctest */;
			productType = "com.apple.product-type.bundle.unit-test";
		};
/* End PBXNativeTarget section */

/* Begin PBXProject section */
		395B24EC1ED2B85600A874D0 /* Project object */ = {
			isa = PBXProject;
			attributes = {
				LastSwiftUpdateCheck = 0830;
				LastUpgradeCheck = 0830;
				ORGANIZATIONNAME = butcheryl;
				TargetAttributes = {
					395B24F31ED2B85600A874D0 = {
						CreatedOnToolsVersion = 8.3.2;
						DevelopmentTeam = 2YZ6L74GH4;
						ProvisioningStyle = Automatic;
					};
					395B25071ED2B85600A874D0 = {
						CreatedOnToolsVersion = 8.3.2;
						DevelopmentTeam = 2YZ6L74GH4;
						ProvisioningStyle = Automatic;
						TestTargetID = 395B24F31ED2B85600A874D0;
					};
				};
			};
			buildConfigurationList = 395B24EF1ED2B85600A874D0 /* Build configuration list for PBXProject "YYReader" */;
			compatibilityVersion = "Xcode 3.2";
			developmentRegion = English;
			hasScannedForEncodings = 0;
			knownRegions = (
				en,
				Base,
			);
			mainGroup = 395B24EB1ED2B85600A874D0;
			productRefGroup = 395B24F51ED2B85600A874D0 /* Products */;
			projectDirPath = "";
			projectRoot = "";
			targets = (
				395B24F31ED2B85600A874D0 /* YYReader */,
				395B25071ED2B85600A874D0 /* YYReaderTests */,
			);
		};
/* End PBXProject section */

/* Begin PBXResourcesBuildPhase section */
		395B24F21ED2B85600A874D0 /* Resources */ = {
			isa = PBXResourcesBuildPhase;
			buildActionMask = 2147483647;
			files = (
				3982F0211ED2CBA00025E081 /* Assets.xcassets in Resources */,
				3982F0221ED2CBA00025E081 /* LaunchScreen.storyboard in Resources */,
			);
			runOnlyForDeploymentPostprocessing = 0;
		};
		395B25061ED2B85600A874D0 /* Resources */ = {
			isa = PBXResourcesBuildPhase;
			buildActionMask = 2147483647;
			files = (
			);
			runOnlyForDeploymentPostprocessing = 0;
		};
/* End PBXResourcesBuildPhase section */

/* Begin PBXShellScriptBuildPhase section */
		1D2923D42F50158B5CD8B4A9 /* [CP] Embed Pods Frameworks */ = {
			isa = PBXShellScriptBuildPhase;
			buildActionMask = 2147483647;
			files = (
			);
			inputPaths = (
			);
			name = "[CP] Embed Pods Frameworks";
			outputPaths = (
			);
			runOnlyForDeploymentPostprocessing = 0;
			shellPath = /bin/sh;
			shellScript = "\"${SRCROOT}/Pods/Target Support Files/Pods-YYReaderTests/Pods-YYReaderTests-frameworks.sh\"\n";
			showEnvVarsInLog = 0;
		};
		5B1532D34CCEF8BAD20EEB4B /* [CP] Check Pods Manifest.lock */ = {
			isa = PBXShellScriptBuildPhase;
			buildActionMask = 2147483647;
			files = (
			);
			inputPaths = (
			);
			name = "[CP] Check Pods Manifest.lock";
			outputPaths = (
			);
			runOnlyForDeploymentPostprocessing = 0;
			shellPath = /bin/sh;
			shellScript = "diff \"${PODS_PODFILE_DIR_PATH}/Podfile.lock\" \"${PODS_ROOT}/Manifest.lock\" > /dev/null\nif [ $? != 0 ] ; then\n    # print error to STDERR\n    echo \"error: The sandbox is not in sync with the Podfile.lock. Run 'pod install' or update your CocoaPods installation.\" >&2\n    exit 1\nfi\n";
			showEnvVarsInLog = 0;
		};
		80E40EB77E301EF35C16AFB4 /* [CP] Check Pods Manifest.lock */ = {
			isa = PBXShellScriptBuildPhase;
			buildActionMask = 2147483647;
			files = (
			);
			inputPaths = (
			);
			name = "[CP] Check Pods Manifest.lock";
			outputPaths = (
			);
			runOnlyForDeploymentPostprocessing = 0;
			shellPath = /bin/sh;
			shellScript = "diff \"${PODS_PODFILE_DIR_PATH}/Podfile.lock\" \"${PODS_ROOT}/Manifest.lock\" > /dev/null\nif [ $? != 0 ] ; then\n    # print error to STDERR\n    echo \"error: The sandbox is not in sync with the Podfile.lock. Run 'pod install' or update your CocoaPods installation.\" >&2\n    exit 1\nfi\n";
			showEnvVarsInLog = 0;
		};
		9DA9F2345214AFBCC2CDDA57 /* [CP] Copy Pods Resources */ = {
			isa = PBXShellScriptBuildPhase;
			buildActionMask = 2147483647;
			files = (
			);
			inputPaths = (
			);
			name = "[CP] Copy Pods Resources";
			outputPaths = (
			);
			runOnlyForDeploymentPostprocessing = 0;
			shellPath = /bin/sh;
			shellScript = "\"${SRCROOT}/Pods/Target Support Files/Pods-YYReader/Pods-YYReader-resources.sh\"\n";
			showEnvVarsInLog = 0;
		};
		C1C39A7178D0925EF6AB93EF /* [CP] Embed Pods Frameworks */ = {
			isa = PBXShellScriptBuildPhase;
			buildActionMask = 2147483647;
			files = (
			);
			inputPaths = (
			);
			name = "[CP] Embed Pods Frameworks";
			outputPaths = (
			);
			runOnlyForDeploymentPostprocessing = 0;
			shellPath = /bin/sh;
			shellScript = "\"${SRCROOT}/Pods/Target Support Files/Pods-YYReader/Pods-YYReader-frameworks.sh\"\n";
			showEnvVarsInLog = 0;
		};
		CB3AF9FB1B8E315515C8E88A /* [CP] Copy Pods Resources */ = {
			isa = PBXShellScriptBuildPhase;
			buildActionMask = 2147483647;
			files = (
			);
			inputPaths = (
			);
			name = "[CP] Copy Pods Resources";
			outputPaths = (
			);
			runOnlyForDeploymentPostprocessing = 0;
			shellPath = /bin/sh;
			shellScript = "\"${SRCROOT}/Pods/Target Support Files/Pods-YYReaderTests/Pods-YYReaderTests-resources.sh\"\n";
			showEnvVarsInLog = 0;
		};
/* End PBXShellScriptBuildPhase section */

/* Begin PBXSourcesBuildPhase section */
		395B24F01ED2B85600A874D0 /* Sources */ = {
			isa = PBXSourcesBuildPhase;
			buildActionMask = 2147483647;
			files = (
				3997D6571EDFE0B200477366 /* BookCatalogueViewController.swift in Sources */,
				394D1D591ED69D7500C720FF /* BookstoreListTableViewCell.swift in Sources */,
				3982F0301ED2DC100025E081 /* BookAPI.swift in Sources */,
				394D1D671ED6D0FC00C720FF /* BookDetailHeaderViewReactor.swift in Sources */,
				39639D0E1ED4236F00175393 /* MainTabBarController.swift in Sources */,
				3982F0241ED2CBA00025E081 /* AppDelegate.swift in Sources */,
				3982F02E1ED2DA0D0025E081 /* Networking.swift in Sources */,
				39B75AFA1ED55FF0000F9034 /* BaseViewController.swift in Sources */,
				39639D161ED42E6A00175393 /* BookcaseViewReactor.swift in Sources */,
				39639D061ED404EE00175393 /* BookService.swift in Sources */,
				39639D101ED424FA00175393 /* MainTabBarViewReactor.swift in Sources */,
				39639D181ED42E7200175393 /* BookstoreViewReactor.swift in Sources */,
				39639D141ED42E3500175393 /* BookstoreViewController.swift in Sources */,
				3982F0321ED2E3390025E081 /* YYReaderTargetType.swift in Sources */,
				394D1D5F1ED6A4FB00C720FF /* BookDetailViewReactor.swift in Sources */,
				3997D6591EDFE15000477366 /* BookCatalogueReactor.swift in Sources */,
				39639D121ED42E1D00175393 /* BookcaseViewController.swift in Sources */,
				394D1D631ED6D0A400C720FF /* String+BoundingRect.swift in Sources */,
				394D1D5B1ED69DC300C720FF /* BookstoreListCellReactor.swift in Sources */,
				394D1D5D1ED6A4C800C720FF /* BookDetailViewController.swift in Sources */,
				3982F03A1ED2EA350025E081 /* UIViewController+Rx.swift in Sources */,
				39639D091ED40FCB00175393 /* Book.swift in Sources */,
				3982F0351ED2E6E90025E081 /* Observable+YYReaderAPI.swift in Sources */,
				394D1D651ED6D0DF00C720FF /* BookDetailHeaderView.swift in Sources */,
				3997D65C1EE0093000477366 /* Database.swift in Sources */,
				39639D0B1ED40FF300175393 /* Chapter.swift in Sources */,
				39639D1B1ED435F600175393 /* BookListViewSection.swift in Sources */,
			);
			runOnlyForDeploymentPostprocessing = 0;
		};
		395B25041ED2B85600A874D0 /* Sources */ = {
			isa = PBXSourcesBuildPhase;
			buildActionMask = 2147483647;
			files = (
				395B250D1ED2B85600A874D0 /* YYReaderTests.swift in Sources */,
			);
			runOnlyForDeploymentPostprocessing = 0;
		};
/* End PBXSourcesBuildPhase section */

/* Begin PBXTargetDependency section */
		395B250A1ED2B85600A874D0 /* PBXTargetDependency */ = {
			isa = PBXTargetDependency;
			target = 395B24F31ED2B85600A874D0 /* YYReader */;
			targetProxy = 395B25091ED2B85600A874D0 /* PBXContainerItemProxy */;
		};
/* End PBXTargetDependency section */

/* Begin PBXVariantGroup section */
		3982F0181ED2CBA00025E081 /* LaunchScreen.storyboard */ = {
			isa = PBXVariantGroup;
			children = (
				3982F0191ED2CBA00025E081 /* Base */,
			);
			name = LaunchScreen.storyboard;
			sourceTree = "<group>";
		};
/* End PBXVariantGroup section */

/* Begin XCBuildConfiguration section */
		395B250F1ED2B85600A874D0 /* Debug */ = {
			isa = XCBuildConfiguration;
			buildSettings = {
				ALWAYS_SEARCH_USER_PATHS = NO;
				CLANG_ANALYZER_NONNULL = YES;
				CLANG_ANALYZER_NUMBER_OBJECT_CONVERSION = YES_AGGRESSIVE;
				CLANG_CXX_LANGUAGE_STANDARD = "gnu++0x";
				CLANG_CXX_LIBRARY = "libc++";
				CLANG_ENABLE_MODULES = YES;
				CLANG_ENABLE_OBJC_ARC = YES;
				CLANG_WARN_BOOL_CONVERSION = YES;
				CLANG_WARN_CONSTANT_CONVERSION = YES;
				CLANG_WARN_DIRECT_OBJC_ISA_USAGE = YES_ERROR;
				CLANG_WARN_DOCUMENTATION_COMMENTS = YES;
				CLANG_WARN_EMPTY_BODY = YES;
				CLANG_WARN_ENUM_CONVERSION = YES;
				CLANG_WARN_INFINITE_RECURSION = YES;
				CLANG_WARN_INT_CONVERSION = YES;
				CLANG_WARN_OBJC_ROOT_CLASS = YES_ERROR;
				CLANG_WARN_SUSPICIOUS_MOVE = YES;
				CLANG_WARN_UNREACHABLE_CODE = YES;
				CLANG_WARN__DUPLICATE_METHOD_MATCH = YES;
				"CODE_SIGN_IDENTITY[sdk=iphoneos*]" = "iPhone Developer";
				COPY_PHASE_STRIP = NO;
				DEBUG_INFORMATION_FORMAT = dwarf;
				ENABLE_STRICT_OBJC_MSGSEND = YES;
				ENABLE_TESTABILITY = YES;
				GCC_C_LANGUAGE_STANDARD = gnu99;
				GCC_DYNAMIC_NO_PIC = NO;
				GCC_NO_COMMON_BLOCKS = YES;
				GCC_OPTIMIZATION_LEVEL = 0;
				GCC_PREPROCESSOR_DEFINITIONS = (
					"DEBUG=1",
					"$(inherited)",
				);
				GCC_WARN_64_TO_32_BIT_CONVERSION = YES;
				GCC_WARN_ABOUT_RETURN_TYPE = YES_ERROR;
				GCC_WARN_UNDECLARED_SELECTOR = YES;
				GCC_WARN_UNINITIALIZED_AUTOS = YES_AGGRESSIVE;
				GCC_WARN_UNUSED_FUNCTION = YES;
				GCC_WARN_UNUSED_VARIABLE = YES;
				IPHONEOS_DEPLOYMENT_TARGET = 9.0;
				MTL_ENABLE_DEBUG_INFO = YES;
				ONLY_ACTIVE_ARCH = YES;
				SDKROOT = iphoneos;
				SWIFT_ACTIVE_COMPILATION_CONDITIONS = DEBUG;
				SWIFT_OPTIMIZATION_LEVEL = "-Onone";
			};
			name = Debug;
		};
		395B25101ED2B85600A874D0 /* Release */ = {
			isa = XCBuildConfiguration;
			buildSettings = {
				ALWAYS_SEARCH_USER_PATHS = NO;
				CLANG_ANALYZER_NONNULL = YES;
				CLANG_ANALYZER_NUMBER_OBJECT_CONVERSION = YES_AGGRESSIVE;
				CLANG_CXX_LANGUAGE_STANDARD = "gnu++0x";
				CLANG_CXX_LIBRARY = "libc++";
				CLANG_ENABLE_MODULES = YES;
				CLANG_ENABLE_OBJC_ARC = YES;
				CLANG_WARN_BOOL_CONVERSION = YES;
				CLANG_WARN_CONSTANT_CONVERSION = YES;
				CLANG_WARN_DIRECT_OBJC_ISA_USAGE = YES_ERROR;
				CLANG_WARN_DOCUMENTATION_COMMENTS = YES;
				CLANG_WARN_EMPTY_BODY = YES;
				CLANG_WARN_ENUM_CONVERSION = YES;
				CLANG_WARN_INFINITE_RECURSION = YES;
				CLANG_WARN_INT_CONVERSION = YES;
				CLANG_WARN_OBJC_ROOT_CLASS = YES_ERROR;
				CLANG_WARN_SUSPICIOUS_MOVE = YES;
				CLANG_WARN_UNREACHABLE_CODE = YES;
				CLANG_WARN__DUPLICATE_METHOD_MATCH = YES;
				"CODE_SIGN_IDENTITY[sdk=iphoneos*]" = "iPhone Developer";
				COPY_PHASE_STRIP = NO;
				DEBUG_INFORMATION_FORMAT = "dwarf-with-dsym";
				ENABLE_NS_ASSERTIONS = NO;
				ENABLE_STRICT_OBJC_MSGSEND = YES;
				GCC_C_LANGUAGE_STANDARD = gnu99;
				GCC_NO_COMMON_BLOCKS = YES;
				GCC_WARN_64_TO_32_BIT_CONVERSION = YES;
				GCC_WARN_ABOUT_RETURN_TYPE = YES_ERROR;
				GCC_WARN_UNDECLARED_SELECTOR = YES;
				GCC_WARN_UNINITIALIZED_AUTOS = YES_AGGRESSIVE;
				GCC_WARN_UNUSED_FUNCTION = YES;
				GCC_WARN_UNUSED_VARIABLE = YES;
				IPHONEOS_DEPLOYMENT_TARGET = 9.0;
				MTL_ENABLE_DEBUG_INFO = NO;
				SDKROOT = iphoneos;
				SWIFT_OPTIMIZATION_LEVEL = "-Owholemodule";
				VALIDATE_PRODUCT = YES;
			};
			name = Release;
		};
		395B25121ED2B85600A874D0 /* Debug */ = {
			isa = XCBuildConfiguration;
			baseConfigurationReference = C9F4546AF4F0A87EFA850F20 /* Pods-YYReader.debug.xcconfig */;
			buildSettings = {
				ALWAYS_EMBED_SWIFT_STANDARD_LIBRARIES = "$(inherited)";
				ASSETCATALOG_COMPILER_APPICON_NAME = AppIcon;
				DEVELOPMENT_TEAM = 2YZ6L74GH4;
				INFOPLIST_FILE = "$(SRCROOT)/YYReader/Supporting Files/Info.plist";
				LD_RUNPATH_SEARCH_PATHS = "$(inherited) @executable_path/Frameworks";
				PRODUCT_BUNDLE_IDENTIFIER = com.butcher.YYReader;
				PRODUCT_NAME = "$(TARGET_NAME)";
				SWIFT_VERSION = 3.0;
			};
			name = Debug;
		};
		395B25131ED2B85600A874D0 /* Release */ = {
			isa = XCBuildConfiguration;
			baseConfigurationReference = ABD656F9AAD2F086E0EFEF13 /* Pods-YYReader.release.xcconfig */;
			buildSettings = {
				ALWAYS_EMBED_SWIFT_STANDARD_LIBRARIES = "$(inherited)";
				ASSETCATALOG_COMPILER_APPICON_NAME = AppIcon;
				DEVELOPMENT_TEAM = 2YZ6L74GH4;
				INFOPLIST_FILE = "$(SRCROOT)/YYReader/Supporting Files/Info.plist";
				LD_RUNPATH_SEARCH_PATHS = "$(inherited) @executable_path/Frameworks";
				PRODUCT_BUNDLE_IDENTIFIER = com.butcher.YYReader;
				PRODUCT_NAME = "$(TARGET_NAME)";
				SWIFT_VERSION = 3.0;
			};
			name = Release;
		};
		395B25151ED2B85600A874D0 /* Debug */ = {
			isa = XCBuildConfiguration;
			baseConfigurationReference = D0F62AC2FF830FA92D8B1280 /* Pods-YYReaderTests.debug.xcconfig */;
			buildSettings = {
				ALWAYS_EMBED_SWIFT_STANDARD_LIBRARIES = "$(inherited)";
				BUNDLE_LOADER = "$(TEST_HOST)";
				DEVELOPMENT_TEAM = 2YZ6L74GH4;
				INFOPLIST_FILE = YYReaderTests/Info.plist;
				LD_RUNPATH_SEARCH_PATHS = "$(inherited) @executable_path/Frameworks @loader_path/Frameworks";
				PRODUCT_BUNDLE_IDENTIFIER = com.butcher.YYReaderTests;
				PRODUCT_NAME = "$(TARGET_NAME)";
				SWIFT_VERSION = 3.0;
				TEST_HOST = "$(BUILT_PRODUCTS_DIR)/YYReader.app/YYReader";
			};
			name = Debug;
		};
		395B25161ED2B85600A874D0 /* Release */ = {
			isa = XCBuildConfiguration;
			baseConfigurationReference = FCEC0D6AF209817620C34362 /* Pods-YYReaderTests.release.xcconfig */;
			buildSettings = {
				ALWAYS_EMBED_SWIFT_STANDARD_LIBRARIES = "$(inherited)";
				BUNDLE_LOADER = "$(TEST_HOST)";
				DEVELOPMENT_TEAM = 2YZ6L74GH4;
				INFOPLIST_FILE = YYReaderTests/Info.plist;
				LD_RUNPATH_SEARCH_PATHS = "$(inherited) @executable_path/Frameworks @loader_path/Frameworks";
				PRODUCT_BUNDLE_IDENTIFIER = com.butcher.YYReaderTests;
				PRODUCT_NAME = "$(TARGET_NAME)";
				SWIFT_VERSION = 3.0;
				TEST_HOST = "$(BUILT_PRODUCTS_DIR)/YYReader.app/YYReader";
			};
			name = Release;
		};
/* End XCBuildConfiguration section */

/* Begin XCConfigurationList section */
		395B24EF1ED2B85600A874D0 /* Build configuration list for PBXProject "YYReader" */ = {
			isa = XCConfigurationList;
			buildConfigurations = (
				395B250F1ED2B85600A874D0 /* Debug */,
				395B25101ED2B85600A874D0 /* Release */,
			);
			defaultConfigurationIsVisible = 0;
			defaultConfigurationName = Release;
		};
		395B25111ED2B85600A874D0 /* Build configuration list for PBXNativeTarget "YYReader" */ = {
			isa = XCConfigurationList;
			buildConfigurations = (
				395B25121ED2B85600A874D0 /* Debug */,
				395B25131ED2B85600A874D0 /* Release */,
			);
			defaultConfigurationIsVisible = 0;
			defaultConfigurationName = Release;
		};
		395B25141ED2B85600A874D0 /* Build configuration list for PBXNativeTarget "YYReaderTests" */ = {
			isa = XCConfigurationList;
			buildConfigurations = (
				395B25151ED2B85600A874D0 /* Debug */,
				395B25161ED2B85600A874D0 /* Release */,
			);
			defaultConfigurationIsVisible = 0;
			defaultConfigurationName = Release;
		};
/* End XCConfigurationList section */
	};
	rootObject = 395B24EC1ED2B85600A874D0 /* Project object */;
}
